// !$*UTF8*$!
{
	archiveVersion = 1;
	classes = {
	};
	objectVersion = 46;
	objects = {

/* Begin PBXBuildFile section */
		2412E81A19DBE34300E0C85C /* OnePassword.h in Headers */ = {isa = PBXBuildFile; fileRef = 2412E81919DBE34300E0C85C /* OnePassword.h */; settings = {ATTRIBUTES = (Public, ); }; };
		2412E82F19DBE37F00E0C85C /* OnePasswordExtension.h in Headers */ = {isa = PBXBuildFile; fileRef = 2412E82D19DBE37F00E0C85C /* OnePasswordExtension.h */; settings = {ATTRIBUTES = (Public, ); }; };
		2412E83019DBE37F00E0C85C /* OnePasswordExtension.m in Sources */ = {isa = PBXBuildFile; fileRef = 2412E82E19DBE37F00E0C85C /* OnePasswordExtension.m */; };
		2412E83219DBE39A00E0C85C /* 1Password.xcassets in Resources */ = {isa = PBXBuildFile; fileRef = 2412E83119DBE39A00E0C85C /* 1Password.xcassets */; };
		2412E83419DBE6FC00E0C85C /* OnePassword.m in Sources */ = {isa = PBXBuildFile; fileRef = 2412E83319DBE6FC00E0C85C /* OnePassword.m */; };
/* End PBXBuildFile section */

/* Begin PBXFileReference section */
		2412E81419DBE34300E0C85C /* OnePassword.framework */ = {isa = PBXFileReference; explicitFileType = wrapper.framework; includeInIndex = 0; path = OnePassword.framework; sourceTree = BUILT_PRODUCTS_DIR; };
		2412E81819DBE34300E0C85C /* Info.plist */ = {isa = PBXFileReference; lastKnownFileType = text.plist.xml; path = Info.plist; sourceTree = "<group>"; };
		2412E81919DBE34300E0C85C /* OnePassword.h */ = {isa = PBXFileReference; lastKnownFileType = sourcecode.c.h; path = OnePassword.h; sourceTree = "<group>"; };
		2412E82D19DBE37F00E0C85C /* OnePasswordExtension.h */ = {isa = PBXFileReference; fileEncoding = 4; lastKnownFileType = sourcecode.c.h; name = OnePasswordExtension.h; path = OnePasswordExtension/OnePasswordExtension.h; sourceTree = SOURCE_ROOT; };
		2412E82E19DBE37F00E0C85C /* OnePasswordExtension.m */ = {isa = PBXFileReference; fileEncoding = 4; lastKnownFileType = sourcecode.c.objc; name = OnePasswordExtension.m; path = OnePasswordExtension/OnePasswordExtension.m; sourceTree = SOURCE_ROOT; };
		2412E83119DBE39A00E0C85C /* 1Password.xcassets */ = {isa = PBXFileReference; lastKnownFileType = folder.assetcatalog; name = 1Password.xcassets; path = OnePasswordExtension/1Password.xcassets; sourceTree = SOURCE_ROOT; };
		2412E83319DBE6FC00E0C85C /* OnePassword.m */ = {isa = PBXFileReference; fileEncoding = 4; lastKnownFileType = sourcecode.c.objc; path = OnePassword.m; sourceTree = "<group>"; };
		24CCFEB41D9E2D6200228331 /* Debug.xcconfig */ = {isa = PBXFileReference; lastKnownFileType = text.xcconfig; path = Debug.xcconfig; sourceTree = "<group>"; };
		24CCFEB71D9E2D6200228331 /* iOS Application.xcconfig */ = {isa = PBXFileReference; lastKnownFileType = text.xcconfig; path = "iOS Application.xcconfig"; sourceTree = "<group>"; };
		24CCFEB81D9E2D6200228331 /* iOS Bundle.xcconfig */ = {isa = PBXFileReference; lastKnownFileType = text.xcconfig; path = "iOS Bundle.xcconfig"; sourceTree = "<group>"; };
		24CCFEB91D9E2D6200228331 /* iOS Extension.xcconfig */ = {isa = PBXFileReference; lastKnownFileType = text.xcconfig; path = "iOS Extension.xcconfig"; sourceTree = "<group>"; };
		24CCFEBA1D9E2D6200228331 /* iOS Framework.xcconfig */ = {isa = PBXFileReference; lastKnownFileType = text.xcconfig; path = "iOS Framework.xcconfig"; sourceTree = "<group>"; };
		24CCFEBB1D9E2D6200228331 /* iOS Static Library.xcconfig */ = {isa = PBXFileReference; lastKnownFileType = text.xcconfig; path = "iOS Static Library.xcconfig"; sourceTree = "<group>"; };
		24CCFEBC1D9E2D6200228331 /* iOS Tests.xcconfig */ = {isa = PBXFileReference; lastKnownFileType = text.xcconfig; path = "iOS Tests.xcconfig"; sourceTree = "<group>"; };
		24CCFEBD1D9E2D6200228331 /* iOS UI Tests.xcconfig */ = {isa = PBXFileReference; lastKnownFileType = text.xcconfig; path = "iOS UI Tests.xcconfig"; sourceTree = "<group>"; };
		24CCFEBE1D9E2D6200228331 /* iOS.xcconfig */ = {isa = PBXFileReference; lastKnownFileType = text.xcconfig; path = iOS.xcconfig; sourceTree = "<group>"; };
		24CCFEC01D9E2D6200228331 /* macOS Application.xcconfig */ = {isa = PBXFileReference; lastKnownFileType = text.xcconfig; path = "macOS Application.xcconfig"; sourceTree = "<group>"; };
		24CCFEC11D9E2D6200228331 /* macOS Extension.xcconfig */ = {isa = PBXFileReference; lastKnownFileType = text.xcconfig; path = "macOS Extension.xcconfig"; sourceTree = "<group>"; };
		24CCFEC21D9E2D6200228331 /* macOS Framework.xcconfig */ = {isa = PBXFileReference; lastKnownFileType = text.xcconfig; path = "macOS Framework.xcconfig"; sourceTree = "<group>"; };
		24CCFEC31D9E2D6200228331 /* macOS Tests.xcconfig */ = {isa = PBXFileReference; lastKnownFileType = text.xcconfig; path = "macOS Tests.xcconfig"; sourceTree = "<group>"; };
		24CCFEC41D9E2D6200228331 /* macOS UI Tests.xcconfig */ = {isa = PBXFileReference; lastKnownFileType = text.xcconfig; path = "macOS UI Tests.xcconfig"; sourceTree = "<group>"; };
		24CCFEC51D9E2D6200228331 /* macOS.xcconfig */ = {isa = PBXFileReference; lastKnownFileType = text.xcconfig; path = macOS.xcconfig; sourceTree = "<group>"; };
		24CCFEC61D9E2D6200228331 /* Release.xcconfig */ = {isa = PBXFileReference; lastKnownFileType = text.xcconfig; path = Release.xcconfig; sourceTree = "<group>"; };
		24CCFECF1D9E2D6200228331 /* tvOS Application.xcconfig */ = {isa = PBXFileReference; lastKnownFileType = text.xcconfig; path = "tvOS Application.xcconfig"; sourceTree = "<group>"; };
		24CCFED01D9E2D6200228331 /* tvOS Extension.xcconfig */ = {isa = PBXFileReference; lastKnownFileType = text.xcconfig; path = "tvOS Extension.xcconfig"; sourceTree = "<group>"; };
		24CCFED11D9E2D6200228331 /* tvOS Framework.xcconfig */ = {isa = PBXFileReference; lastKnownFileType = text.xcconfig; path = "tvOS Framework.xcconfig"; sourceTree = "<group>"; };
		24CCFED21D9E2D6200228331 /* tvOS Tests.xcconfig */ = {isa = PBXFileReference; lastKnownFileType = text.xcconfig; path = "tvOS Tests.xcconfig"; sourceTree = "<group>"; };
		24CCFED31D9E2D6200228331 /* tvOS UI Tests.xcconfig */ = {isa = PBXFileReference; lastKnownFileType = text.xcconfig; path = "tvOS UI Tests.xcconfig"; sourceTree = "<group>"; };
		24CCFED41D9E2D6200228331 /* tvOS.xcconfig */ = {isa = PBXFileReference; lastKnownFileType = text.xcconfig; path = tvOS.xcconfig; sourceTree = "<group>"; };
		24CCFED61D9E2D6200228331 /* watchOS Application.xcconfig */ = {isa = PBXFileReference; lastKnownFileType = text.xcconfig; path = "watchOS Application.xcconfig"; sourceTree = "<group>"; };
		24CCFED71D9E2D6200228331 /* watchOS Extension.xcconfig */ = {isa = PBXFileReference; lastKnownFileType = text.xcconfig; path = "watchOS Extension.xcconfig"; sourceTree = "<group>"; };
		24CCFED81D9E2D6200228331 /* watchOS Framework.xcconfig */ = {isa = PBXFileReference; lastKnownFileType = text.xcconfig; path = "watchOS Framework.xcconfig"; sourceTree = "<group>"; };
		24CCFED91D9E2D6200228331 /* watchOS.xcconfig */ = {isa = PBXFileReference; lastKnownFileType = text.xcconfig; path = watchOS.xcconfig; sourceTree = "<group>"; };
/* End PBXFileReference section */

/* Begin PBXFrameworksBuildPhase section */
		2412E81019DBE34300E0C85C /* Frameworks */ = {
			isa = PBXFrameworksBuildPhase;
			buildActionMask = 2147483647;
			files = (
			);
			runOnlyForDeploymentPostprocessing = 0;
		};
/* End PBXFrameworksBuildPhase section */

/* Begin PBXGroup section */
		2412E80A19DBE34300E0C85C = {
			isa = PBXGroup;
			children = (
				2412E81619DBE34300E0C85C /* OnePassword */,
				24CCFEB21D9E2D6200228331 /* Configurations */,
				2412E81519DBE34300E0C85C /* Products */,
			);
			sourceTree = "<group>";
		};
		2412E81519DBE34300E0C85C /* Products */ = {
			isa = PBXGroup;
			children = (
				2412E81419DBE34300E0C85C /* OnePassword.framework */,
			);
			name = Products;
			sourceTree = "<group>";
		};
		2412E81619DBE34300E0C85C /* OnePassword */ = {
			isa = PBXGroup;
			children = (
				2412E81919DBE34300E0C85C /* OnePassword.h */,
				2412E83319DBE6FC00E0C85C /* OnePassword.m */,
				2412E82D19DBE37F00E0C85C /* OnePasswordExtension.h */,
				2412E82E19DBE37F00E0C85C /* OnePasswordExtension.m */,
				2412E83119DBE39A00E0C85C /* 1Password.xcassets */,
				2412E81819DBE34300E0C85C /* Info.plist */,
			);
			path = OnePassword;
			sourceTree = "<group>";
		};
		24CCFEB21D9E2D6200228331 /* Configurations */ = {
			isa = PBXGroup;
			children = (
				24CCFEB41D9E2D6200228331 /* Debug.xcconfig */,
				24CCFEC61D9E2D6200228331 /* Release.xcconfig */,
				24CCFEB61D9E2D6200228331 /* iOS */,
				24CCFEBF1D9E2D6200228331 /* macOS */,
				24CCFECE1D9E2D6200228331 /* tvOS */,
				24CCFED51D9E2D6200228331 /* watchOS */,
			);
			path = Configurations;
			sourceTree = "<group>";
		};
		24CCFEB61D9E2D6200228331 /* iOS */ = {
			isa = PBXGroup;
			children = (
				24CCFEB71D9E2D6200228331 /* iOS Application.xcconfig */,
				24CCFEB81D9E2D6200228331 /* iOS Bundle.xcconfig */,
				24CCFEB91D9E2D6200228331 /* iOS Extension.xcconfig */,
				24CCFEBA1D9E2D6200228331 /* iOS Framework.xcconfig */,
				24CCFEBB1D9E2D6200228331 /* iOS Static Library.xcconfig */,
				24CCFEBC1D9E2D6200228331 /* iOS Tests.xcconfig */,
				24CCFEBD1D9E2D6200228331 /* iOS UI Tests.xcconfig */,
				24CCFEBE1D9E2D6200228331 /* iOS.xcconfig */,
			);
			path = iOS;
			sourceTree = "<group>";
		};
		24CCFEBF1D9E2D6200228331 /* macOS */ = {
			isa = PBXGroup;
			children = (
				24CCFEC01D9E2D6200228331 /* macOS Application.xcconfig */,
				24CCFEC11D9E2D6200228331 /* macOS Extension.xcconfig */,
				24CCFEC21D9E2D6200228331 /* macOS Framework.xcconfig */,
				24CCFEC31D9E2D6200228331 /* macOS Tests.xcconfig */,
				24CCFEC41D9E2D6200228331 /* macOS UI Tests.xcconfig */,
				24CCFEC51D9E2D6200228331 /* macOS.xcconfig */,
			);
			path = macOS;
			sourceTree = "<group>";
		};
		24CCFECE1D9E2D6200228331 /* tvOS */ = {
			isa = PBXGroup;
			children = (
				24CCFECF1D9E2D6200228331 /* tvOS Application.xcconfig */,
				24CCFED01D9E2D6200228331 /* tvOS Extension.xcconfig */,
				24CCFED11D9E2D6200228331 /* tvOS Framework.xcconfig */,
				24CCFED21D9E2D6200228331 /* tvOS Tests.xcconfig */,
				24CCFED31D9E2D6200228331 /* tvOS UI Tests.xcconfig */,
				24CCFED41D9E2D6200228331 /* tvOS.xcconfig */,
			);
			path = tvOS;
			sourceTree = "<group>";
		};
		24CCFED51D9E2D6200228331 /* watchOS */ = {
			isa = PBXGroup;
			children = (
				24CCFED61D9E2D6200228331 /* watchOS Application.xcconfig */,
				24CCFED71D9E2D6200228331 /* watchOS Extension.xcconfig */,
				24CCFED81D9E2D6200228331 /* watchOS Framework.xcconfig */,
				24CCFED91D9E2D6200228331 /* watchOS.xcconfig */,
			);
			path = watchOS;
			sourceTree = "<group>";
		};
/* End PBXGroup section */

/* Begin PBXHeadersBuildPhase section */
		2412E81119DBE34300E0C85C /* Headers */ = {
			isa = PBXHeadersBuildPhase;
			buildActionMask = 2147483647;
			files = (
				2412E82F19DBE37F00E0C85C /* OnePasswordExtension.h in Headers */,
				2412E81A19DBE34300E0C85C /* OnePassword.h in Headers */,
			);
			runOnlyForDeploymentPostprocessing = 0;
		};
/* End PBXHeadersBuildPhase section */

/* Begin PBXNativeTarget section */
		2412E81319DBE34300E0C85C /* OnePassword */ = {
			isa = PBXNativeTarget;
			buildConfigurationList = 2412E82719DBE34300E0C85C /* Build configuration list for PBXNativeTarget "OnePassword" */;
			buildPhases = (
				2412E80F19DBE34300E0C85C /* Sources */,
				2412E81019DBE34300E0C85C /* Frameworks */,
				2412E81119DBE34300E0C85C /* Headers */,
				2412E81219DBE34300E0C85C /* Resources */,
			);
			buildRules = (
			);
			dependencies = (
			);
			name = OnePassword;
			productName = OnePassword;
			productReference = 2412E81419DBE34300E0C85C /* OnePassword.framework */;
			productType = "com.apple.product-type.framework";
		};
/* End PBXNativeTarget section */

/* Begin PBXProject section */
		2412E80B19DBE34300E0C85C /* Project object */ = {
			isa = PBXProject;
			attributes = {
				LastUpgradeCheck = 0700;
				ORGANIZATIONNAME = AgileBits;
				TargetAttributes = {
					2412E81319DBE34300E0C85C = {
						CreatedOnToolsVersion = 6.0.1;
					};
				};
			};
			buildConfigurationList = 2412E80E19DBE34300E0C85C /* Build configuration list for PBXProject "OnePassword" */;
			compatibilityVersion = "Xcode 3.2";
			developmentRegion = English;
			hasScannedForEncodings = 0;
			knownRegions = (
				en,
			);
			mainGroup = 2412E80A19DBE34300E0C85C;
			productRefGroup = 2412E81519DBE34300E0C85C /* Products */;
			projectDirPath = "";
			projectRoot = "";
			targets = (
				2412E81319DBE34300E0C85C /* OnePassword */,
			);
		};
/* End PBXProject section */

/* Begin PBXResourcesBuildPhase section */
		2412E81219DBE34300E0C85C /* Resources */ = {
			isa = PBXResourcesBuildPhase;
			buildActionMask = 2147483647;
			files = (
				2412E83219DBE39A00E0C85C /* 1Password.xcassets in Resources */,
			);
			runOnlyForDeploymentPostprocessing = 0;
		};
/* End PBXResourcesBuildPhase section */

/* Begin PBXSourcesBuildPhase section */
		2412E80F19DBE34300E0C85C /* Sources */ = {
			isa = PBXSourcesBuildPhase;
			buildActionMask = 2147483647;
			files = (
				2412E83019DBE37F00E0C85C /* OnePasswordExtension.m in Sources */,
				2412E83419DBE6FC00E0C85C /* OnePassword.m in Sources */,
			);
			runOnlyForDeploymentPostprocessing = 0;
		};
/* End PBXSourcesBuildPhase section */

/* Begin XCBuildConfiguration section */
		2412E82519DBE34300E0C85C /* Debug */ = {
			isa = XCBuildConfiguration;
			baseConfigurationReference = 24CCFEB41D9E2D6200228331 /* Debug.xcconfig */;
			buildSettings = {
				PRODUCT_BUNDLE_IDENTIFIER = "com.agilebits.$(PRODUCT_NAME:rfc1034identifier)";
			};
			name = Debug;
		};
		2412E82619DBE34300E0C85C /* Release */ = {
			isa = XCBuildConfiguration;
			baseConfigurationReference = 24CCFEC61D9E2D6200228331 /* Release.xcconfig */;
			buildSettings = {
				PRODUCT_BUNDLE_IDENTIFIER = "com.agilebits.$(PRODUCT_NAME:rfc1034identifier)";
			};
			name = Release;
		};
		2412E82819DBE34300E0C85C /* Debug */ = {
			isa = XCBuildConfiguration;
			baseConfigurationReference = 24CCFEBA1D9E2D6200228331 /* iOS Framework.xcconfig */;
			buildSettings = {
				WARNING_CFLAGS = (
					"$(inherited)",
					"-Wno-nullable-to-nonnull-conversion",
					"-Wno-overlength-strings",
					"-Wno-auto-import",
				);
			};
			name = Debug;
		};
		2412E82919DBE34300E0C85C /* Release */ = {
			isa = XCBuildConfiguration;
			baseConfigurationReference = 24CCFEBA1D9E2D6200228331 /* iOS Framework.xcconfig */;
			buildSettings = {
				WARNING_CFLAGS = (
					"$(inherited)",
					"-Wno-nullable-to-nonnull-conversion",
					"-Wno-overlength-strings",
					"-Wno-auto-import",
				);
			};
			name = Release;
		};
/* End XCBuildConfiguration section */

/* Begin XCConfigurationList section */
		2412E80E19DBE34300E0C85C /* Build configuration list for PBXProject "OnePassword" */ = {
			isa = XCConfigurationList;
			buildConfigurations = (
				2412E82519DBE34300E0C85C /* Debug */,
				2412E82619DBE34300E0C85C /* Release */,
			);
			defaultConfigurationIsVisible = 0;
			defaultConfigurationName = Release;
		};
		2412E82719DBE34300E0C85C /* Build configuration list for PBXNativeTarget "OnePassword" */ = {
			isa = XCConfigurationList;
			buildConfigurations = (
				2412E82819DBE34300E0C85C /* Debug */,
				2412E82919DBE34300E0C85C /* Release */,
			);
			defaultConfigurationIsVisible = 0;
			defaultConfigurationName = Release;
		};
/* End XCConfigurationList section */
	};
	rootObject = 2412E80B19DBE34300E0C85C /* Project object */;
}
